
Microsoft Visual Studio Solution File, Format Version 12.00
# Visual Studio Version 17
VisualStudioVersion = 17.0.31903.59
MinimumVisualStudioVersion = 10.0.40219.1
Project("{FAE04EC0-301F-11D3-BF4B-00C04F79EFBC}") = "RandomNumberCore", "RandomNumberCore\RandomNumberCore.csproj", "{BAD968BB-2EAE-4939-B7A2-9C763778CA92}"
EndProject
Project("{FAE04EC0-301F-11D3-BF4B-00C04F79EFBC}") = "RandomNumberConsumerFrameworkClient", "RandomNumberConsumerFrameworkClient\RandomNumberConsumerFrameworkClient.csproj", "{5D9CE581-0369-4076-A2F2-EC0FCBB3C19B}"
EndProject
Project("{FAE04EC0-301F-11D3-BF4B-00C04F79EFBC}") = "RandomNumberConsumerNet8", "RandomNumberConsumerNet8\RandomNumberConsumerNet8.csproj", "{6D6AA6DE-2A57-4FDD-B7D9-6C061D4B97C8}"
EndProject
Global
	GlobalSection(SolutionConfigurationPlatforms) = preSolution
		Debug|Any CPU = Debug|Any CPU
		Debug|x64 = Debug|x64
		Debug|x86 = Debug|x86
		Release|Any CPU = Release|Any CPU
		Release|x64 = Release|x64
		Release|x86 = Release|x86
	EndGlobalSection
	GlobalSection(ProjectConfigurationPlatforms) = postSolution
		{BAD968BB-2EAE-4939-B7A2-9C763778CA92}.Debug|Any CPU.ActiveCfg = Debug|Any CPU
		{BAD968BB-2EAE-4939-B7A2-9C763778CA92}.Debug|Any CPU.Build.0 = Debug|Any CPU
		{BAD968BB-2EAE-4939-B7A2-9C763778CA92}.Debug|x64.ActiveCfg = Debug|Any CPU
		{BAD968BB-2EAE-4939-B7A2-9C763778CA92}.Debug|x64.Build.0 = Debug|Any CPU
		{BAD968BB-2EAE-4939-B7A2-9C763778CA92}.Debug|x86.ActiveCfg = Debug|Any CPU
		{BAD968BB-2EAE-4939-B7A2-9C763778CA92}.Debug|x86.Build.0 = Debug|Any CPU
		{BAD968BB-2EAE-4939-B7A2-9C763778CA92}.Release|Any CPU.ActiveCfg = Release|Any CPU
		{BAD968BB-2EAE-4939-B7A2-9C763778CA92}.Release|Any CPU.Build.0 = Release|Any CPU
		{BAD968BB-2EAE-4939-B7A2-9C763778CA92}.Release|x64.ActiveCfg = Release|Any CPU
		{BAD968BB-2EAE-4939-B7A2-9C763778CA92}.Release|x64.Build.0 = Release|Any CPU
		{BAD968BB-2EAE-4939-B7A2-9C763778CA92}.Release|x86.ActiveCfg = Release|Any CPU
		{BAD968BB-2EAE-4939-B7A2-9C763778CA92}.Release|x86.Build.0 = Release|Any CPU
		{5D9CE581-0369-4076-A2F2-EC0FCBB3C19B}.Debug|Any CPU.ActiveCfg = Debug|Any CPU
		{5D9CE581-0369-4076-A2F2-EC0FCBB3C19B}.Debug|Any CPU.Build.0 = Debug|Any CPU
		{5D9CE581-0369-4076-A2F2-EC0FCBB3C19B}.Debug|x64.ActiveCfg = Debug|Any CPU
		{5D9CE581-0369-4076-A2F2-EC0FCBB3C19B}.Debug|x64.Build.0 = Debug|Any CPU
		{5D9CE581-0369-4076-A2F2-EC0FCBB3C19B}.Debug|x86.ActiveCfg = Debug|Any CPU
		{5D9CE581-0369-4076-A2F2-EC0FCBB3C19B}.Debug|x86.Build.0 = Debug|Any CPU
		{5D9CE581-0369-4076-A2F2-EC0FCBB3C19B}.Release|Any CPU.ActiveCfg = Release|Any CPU
		{5D9CE581-0369-4076-A2F2-EC0FCBB3C19B}.Release|Any CPU.Build.0 = Release|Any CPU
		{5D9CE581-0369-4076-A2F2-EC0FCBB3C19B}.Release|x64.ActiveCfg = Release|Any CPU
		{5D9CE581-0369-4076-A2F2-EC0FCBB3C19B}.Release|x64.Build.0 = Release|Any CPU
		{5D9CE581-0369-4076-A2F2-EC0FCBB3C19B}.Release|x86.ActiveCfg = Release|Any CPU
		{5D9CE581-0369-4076-A2F2-EC0FCBB3C19B}.Release|x86.Build.0 = Release|Any CPU
		{6D6AA6DE-2A57-4FDD-B7D9-6C061D4B97C8}.Debug|Any CPU.ActiveCfg = Debug|Any CPU
		{6D6AA6DE-2A57-4FDD-B7D9-6C061D4B97C8}.Debug|Any CPU.Build.0 = Debug|Any CPU
		{6D6AA6DE-2A57-4FDD-B7D9-6C061D4B97C8}.Debug|x64.ActiveCfg = Debug|Any CPU
		{6D6AA6DE-2A57-4FDD-B7D9-6C061D4B97C8}.Debug|x64.Build.0 = Debug|Any CPU
		{6D6AA6DE-2A57-4FDD-B7D9-6C061D4B97C8}.Debug|x86.ActiveCfg = Debug|Any CPU
		{6D6AA6DE-2A57-4FDD-B7D9-6C061D4B97C8}.Debug|x86.Build.0 = Debug|Any CPU
		{6D6AA6DE-2A57-4FDD-B7D9-6C061D4B97C8}.Release|Any CPU.ActiveCfg = Release|Any CPU
		{6D6AA6DE-2A57-4FDD-B7D9-6C061D4B97C8}.Release|Any CPU.Build.0 = Release|Any CPU
		{6D6AA6DE-2A57-4FDD-B7D9-6C061D4B97C8}.Release|x64.ActiveCfg = Release|Any CPU
		{6D6AA6DE-2A57-4FDD-B7D9-6C061D4B97C8}.Release|x64.Build.0 = Release|Any CPU
		{6D6AA6DE-2A57-4FDD-B7D9-6C061D4B97C8}.Release|x86.ActiveCfg = Release|Any CPU
		{6D6AA6DE-2A57-4FDD-B7D9-6C061D4B97C8}.Release|x86.Build.0 = Release|Any CPU
	EndGlobalSection
	GlobalSection(SolutionProperties) = preSolution
		HideSolutionNode = FALSE
	EndGlobalSection
EndGlobal
