
Microsoft Visual Studio Solution File, Format Version 12.00
# Visual Studio Version 17
VisualStudioVersion = 17.0.31903.59
MinimumVisualStudioVersion = 10.0.40219.1
Project("{FAE04EC0-301F-11D3-BF4B-00C04F79EFBC}") = "RandomNumberCore", "RandomNumberCore\RandomNumberCore.csproj", "{BAD968BB-2EAE-4939-B7A2-9C763778CA92}"
EndProject
Project("{FAE04EC0-301F-11D3-BF4B-00C04F79EFBC}") = "RandomNumberConsumerFrameworkClient", "RandomNumberConsumerFrameworkClient\RandomNumberConsumerFrameworkClient.csproj", "{5D9CE581-0369-4076-A2F2-EC0FCBB3C19B}"
EndProject
Project("{FAE04EC0-301F-11D3-BF4B-00C04F79EFBC}") = "RandomNumberConsumerNet8", "RandomNumberConsumerNet8\RandomNumberConsumerNet8.csproj", "{6D6AA6DE-2A57-4FDD-B7D9-6C061D4B97C8}"
EndProject
Project("{FAE04EC0-301F-11D3-BF4B-00C04F79EFBC}") = "RandomNumberContract", "RandomNumberContract\RandomNumberContract.csproj", "{2B93A87E-4935-49AD-993D-B13D9CB9B952}"
EndProject
Project("{FAE04EC0-301F-11D3-BF4B-00C04F79EFBC}") = "RandomNumberGrpc", "RandomNumberGrpc\RandomNumberGrpc.csproj", "{89480CC0-B15B-433E-8FC4-7D4C40208CF8}"
EndProject
Project("{FAE04EC0-301F-11D3-BF4B-00C04F79EFBC}") = "GrpcClientDotNet", "GrpcClientDotNet\GrpcClientDotNet.csproj", "{67878D41-F30C-416D-9E14-174E4BA729C7}"
EndProject
Project("{FAE04EC0-301F-11D3-BF4B-00C04F79EFBC}") = "RandomNumberFrameworkConsole", "RandomNumberFrameworkConsole\RandomNumberFrameworkConsole.csproj", "{A13611E8-CB5F-48C3-858E-3B90417974D3}"
EndProject
Project("{2150E333-8FDC-42A3-9474-1A3956D46DE8}") = "Local", "Local", "{3DB28320-74B9-4EE0-A7E7-714B9FF7ED0C}"
EndProject
Project("{FAE04EC0-301F-11D3-BF4B-00C04F79EFBC}") = "LocalClient", "LocalClient\LocalClient.csproj", "{BEB6F579-6C49-42FA-8973-1AB098D0D6CD}"
EndProject
Project("{FAE04EC0-301F-11D3-BF4B-00C04F79EFBC}") = "RandomSource", "RandomSource\RandomSource.csproj", "{C85B4087-0604-4A5B-9547-26ED5C3E32E6}"
EndProject
Project("{FAE04EC0-301F-11D3-BF4B-00C04F79EFBC}") = "LocalClientFramework", "LocalClientFramework\LocalClientFramework.csproj", "{2BD5F352-13EB-44EA-B842-667EEDF68D05}"
EndProject
Project("{2150E333-8FDC-42A3-9474-1A3956D46DE8}") = "gRPC", "gRPC", "{90196606-FD20-4680-8EEF-EF37695CD50A}"
EndProject
Project("{2150E333-8FDC-42A3-9474-1A3956D46DE8}") = "Server", "Server", "{716D02A2-DC3D-48B2-87BA-86E298EA14C6}"
EndProject
Project("{2150E333-8FDC-42A3-9474-1A3956D46DE8}") = "Client", "Client", "{BC888581-0EA8-4CF4-A6AC-C670F11DCCA2}"
EndProject
Global
	GlobalSection(SolutionConfigurationPlatforms) = preSolution
		Debug|Any CPU = Debug|Any CPU
		Debug|x64 = Debug|x64
		Debug|x86 = Debug|x86
		Release|Any CPU = Release|Any CPU
		Release|x64 = Release|x64
		Release|x86 = Release|x86
	EndGlobalSection
	GlobalSection(ProjectConfigurationPlatforms) = postSolution
		{BAD968BB-2EAE-4939-B7A2-9C763778CA92}.Debug|Any CPU.ActiveCfg = Debug|Any CPU
		{BAD968BB-2EAE-4939-B7A2-9C763778CA92}.Debug|Any CPU.Build.0 = Debug|Any CPU
		{BAD968BB-2EAE-4939-B7A2-9C763778CA92}.Debug|x64.ActiveCfg = Debug|Any CPU
		{BAD968BB-2EAE-4939-B7A2-9C763778CA92}.Debug|x64.Build.0 = Debug|Any CPU
		{BAD968BB-2EAE-4939-B7A2-9C763778CA92}.Debug|x86.ActiveCfg = Debug|Any CPU
		{BAD968BB-2EAE-4939-B7A2-9C763778CA92}.Debug|x86.Build.0 = Debug|Any CPU
		{BAD968BB-2EAE-4939-B7A2-9C763778CA92}.Release|Any CPU.ActiveCfg = Release|Any CPU
		{BAD968BB-2EAE-4939-B7A2-9C763778CA92}.Release|Any CPU.Build.0 = Release|Any CPU
		{BAD968BB-2EAE-4939-B7A2-9C763778CA92}.Release|x64.ActiveCfg = Release|Any CPU
		{BAD968BB-2EAE-4939-B7A2-9C763778CA92}.Release|x64.Build.0 = Release|Any CPU
		{BAD968BB-2EAE-4939-B7A2-9C763778CA92}.Release|x86.ActiveCfg = Release|Any CPU
		{BAD968BB-2EAE-4939-B7A2-9C763778CA92}.Release|x86.Build.0 = Release|Any CPU
		{5D9CE581-0369-4076-A2F2-EC0FCBB3C19B}.Debug|Any CPU.ActiveCfg = Debug|Any CPU
		{5D9CE581-0369-4076-A2F2-EC0FCBB3C19B}.Debug|Any CPU.Build.0 = Debug|Any CPU
		{5D9CE581-0369-4076-A2F2-EC0FCBB3C19B}.Debug|x64.ActiveCfg = Debug|Any CPU
		{5D9CE581-0369-4076-A2F2-EC0FCBB3C19B}.Debug|x64.Build.0 = Debug|Any CPU
		{5D9CE581-0369-4076-A2F2-EC0FCBB3C19B}.Debug|x86.ActiveCfg = Debug|Any CPU
		{5D9CE581-0369-4076-A2F2-EC0FCBB3C19B}.Debug|x86.Build.0 = Debug|Any CPU
		{5D9CE581-0369-4076-A2F2-EC0FCBB3C19B}.Release|Any CPU.ActiveCfg = Release|Any CPU
		{5D9CE581-0369-4076-A2F2-EC0FCBB3C19B}.Release|Any CPU.Build.0 = Release|Any CPU
		{5D9CE581-0369-4076-A2F2-EC0FCBB3C19B}.Release|x64.ActiveCfg = Release|Any CPU
		{5D9CE581-0369-4076-A2F2-EC0FCBB3C19B}.Release|x64.Build.0 = Release|Any CPU
		{5D9CE581-0369-4076-A2F2-EC0FCBB3C19B}.Release|x86.ActiveCfg = Release|Any CPU
		{5D9CE581-0369-4076-A2F2-EC0FCBB3C19B}.Release|x86.Build.0 = Release|Any CPU
		{6D6AA6DE-2A57-4FDD-B7D9-6C061D4B97C8}.Debug|Any CPU.ActiveCfg = Debug|Any CPU
		{6D6AA6DE-2A57-4FDD-B7D9-6C061D4B97C8}.Debug|Any CPU.Build.0 = Debug|Any CPU
		{6D6AA6DE-2A57-4FDD-B7D9-6C061D4B97C8}.Debug|x64.ActiveCfg = Debug|Any CPU
		{6D6AA6DE-2A57-4FDD-B7D9-6C061D4B97C8}.Debug|x64.Build.0 = Debug|Any CPU
		{6D6AA6DE-2A57-4FDD-B7D9-6C061D4B97C8}.Debug|x86.ActiveCfg = Debug|Any CPU
		{6D6AA6DE-2A57-4FDD-B7D9-6C061D4B97C8}.Debug|x86.Build.0 = Debug|Any CPU
		{6D6AA6DE-2A57-4FDD-B7D9-6C061D4B97C8}.Release|Any CPU.ActiveCfg = Release|Any CPU
		{6D6AA6DE-2A57-4FDD-B7D9-6C061D4B97C8}.Release|Any CPU.Build.0 = Release|Any CPU
		{6D6AA6DE-2A57-4FDD-B7D9-6C061D4B97C8}.Release|x64.ActiveCfg = Release|Any CPU
		{6D6AA6DE-2A57-4FDD-B7D9-6C061D4B97C8}.Release|x64.Build.0 = Release|Any CPU
		{6D6AA6DE-2A57-4FDD-B7D9-6C061D4B97C8}.Release|x86.ActiveCfg = Release|Any CPU
		{6D6AA6DE-2A57-4FDD-B7D9-6C061D4B97C8}.Release|x86.Build.0 = Release|Any CPU
		{2B93A87E-4935-49AD-993D-B13D9CB9B952}.Debug|Any CPU.ActiveCfg = Debug|Any CPU
		{2B93A87E-4935-49AD-993D-B13D9CB9B952}.Debug|Any CPU.Build.0 = Debug|Any CPU
		{2B93A87E-4935-49AD-993D-B13D9CB9B952}.Debug|x64.ActiveCfg = Debug|Any CPU
		{2B93A87E-4935-49AD-993D-B13D9CB9B952}.Debug|x64.Build.0 = Debug|Any CPU
		{2B93A87E-4935-49AD-993D-B13D9CB9B952}.Debug|x86.ActiveCfg = Debug|Any CPU
		{2B93A87E-4935-49AD-993D-B13D9CB9B952}.Debug|x86.Build.0 = Debug|Any CPU
		{2B93A87E-4935-49AD-993D-B13D9CB9B952}.Release|Any CPU.ActiveCfg = Release|Any CPU
		{2B93A87E-4935-49AD-993D-B13D9CB9B952}.Release|Any CPU.Build.0 = Release|Any CPU
		{2B93A87E-4935-49AD-993D-B13D9CB9B952}.Release|x64.ActiveCfg = Release|Any CPU
		{2B93A87E-4935-49AD-993D-B13D9CB9B952}.Release|x64.Build.0 = Release|Any CPU
		{2B93A87E-4935-49AD-993D-B13D9CB9B952}.Release|x86.ActiveCfg = Release|Any CPU
		{2B93A87E-4935-49AD-993D-B13D9CB9B952}.Release|x86.Build.0 = Release|Any CPU
		{89480CC0-B15B-433E-8FC4-7D4C40208CF8}.Debug|Any CPU.ActiveCfg = Debug|Any CPU
		{89480CC0-B15B-433E-8FC4-7D4C40208CF8}.Debug|Any CPU.Build.0 = Debug|Any CPU
		{89480CC0-B15B-433E-8FC4-7D4C40208CF8}.Debug|x64.ActiveCfg = Debug|Any CPU
		{89480CC0-B15B-433E-8FC4-7D4C40208CF8}.Debug|x64.Build.0 = Debug|Any CPU
		{89480CC0-B15B-433E-8FC4-7D4C40208CF8}.Debug|x86.ActiveCfg = Debug|Any CPU
		{89480CC0-B15B-433E-8FC4-7D4C40208CF8}.Debug|x86.Build.0 = Debug|Any CPU
		{89480CC0-B15B-433E-8FC4-7D4C40208CF8}.Release|Any CPU.ActiveCfg = Release|Any CPU
		{89480CC0-B15B-433E-8FC4-7D4C40208CF8}.Release|Any CPU.Build.0 = Release|Any CPU
		{89480CC0-B15B-433E-8FC4-7D4C40208CF8}.Release|x64.ActiveCfg = Release|Any CPU
		{89480CC0-B15B-433E-8FC4-7D4C40208CF8}.Release|x64.Build.0 = Release|Any CPU
		{89480CC0-B15B-433E-8FC4-7D4C40208CF8}.Release|x86.ActiveCfg = Release|Any CPU
		{89480CC0-B15B-433E-8FC4-7D4C40208CF8}.Release|x86.Build.0 = Release|Any CPU
		{67878D41-F30C-416D-9E14-174E4BA729C7}.Debug|Any CPU.ActiveCfg = Debug|Any CPU
		{67878D41-F30C-416D-9E14-174E4BA729C7}.Debug|Any CPU.Build.0 = Debug|Any CPU
		{67878D41-F30C-416D-9E14-174E4BA729C7}.Debug|x64.ActiveCfg = Debug|Any CPU
		{67878D41-F30C-416D-9E14-174E4BA729C7}.Debug|x64.Build.0 = Debug|Any CPU
		{67878D41-F30C-416D-9E14-174E4BA729C7}.Debug|x86.ActiveCfg = Debug|Any CPU
		{67878D41-F30C-416D-9E14-174E4BA729C7}.Debug|x86.Build.0 = Debug|Any CPU
		{67878D41-F30C-416D-9E14-174E4BA729C7}.Release|Any CPU.ActiveCfg = Release|Any CPU
		{67878D41-F30C-416D-9E14-174E4BA729C7}.Release|Any CPU.Build.0 = Release|Any CPU
		{67878D41-F30C-416D-9E14-174E4BA729C7}.Release|x64.ActiveCfg = Release|Any CPU
		{67878D41-F30C-416D-9E14-174E4BA729C7}.Release|x64.Build.0 = Release|Any CPU
		{67878D41-F30C-416D-9E14-174E4BA729C7}.Release|x86.ActiveCfg = Release|Any CPU
		{67878D41-F30C-416D-9E14-174E4BA729C7}.Release|x86.Build.0 = Release|Any CPU
		{A13611E8-CB5F-48C3-858E-3B90417974D3}.Debug|Any CPU.ActiveCfg = Debug|Any CPU
		{A13611E8-CB5F-48C3-858E-3B90417974D3}.Debug|Any CPU.Build.0 = Debug|Any CPU
		{A13611E8-CB5F-48C3-858E-3B90417974D3}.Debug|x64.ActiveCfg = Debug|Any CPU
		{A13611E8-CB5F-48C3-858E-3B90417974D3}.Debug|x64.Build.0 = Debug|Any CPU
		{A13611E8-CB5F-48C3-858E-3B90417974D3}.Debug|x86.ActiveCfg = Debug|Any CPU
		{A13611E8-CB5F-48C3-858E-3B90417974D3}.Debug|x86.Build.0 = Debug|Any CPU
		{A13611E8-CB5F-48C3-858E-3B90417974D3}.Release|Any CPU.ActiveCfg = Release|Any CPU
		{A13611E8-CB5F-48C3-858E-3B90417974D3}.Release|Any CPU.Build.0 = Release|Any CPU
		{A13611E8-CB5F-48C3-858E-3B90417974D3}.Release|x64.ActiveCfg = Release|Any CPU
		{A13611E8-CB5F-48C3-858E-3B90417974D3}.Release|x64.Build.0 = Release|Any CPU
		{A13611E8-CB5F-48C3-858E-3B90417974D3}.Release|x86.ActiveCfg = Release|Any CPU
		{A13611E8-CB5F-48C3-858E-3B90417974D3}.Release|x86.Build.0 = Release|Any CPU
		{BEB6F579-6C49-42FA-8973-1AB098D0D6CD}.Debug|Any CPU.ActiveCfg = Debug|Any CPU
		{BEB6F579-6C49-42FA-8973-1AB098D0D6CD}.Debug|Any CPU.Build.0 = Debug|Any CPU
		{BEB6F579-6C49-42FA-8973-1AB098D0D6CD}.Debug|x64.ActiveCfg = Debug|Any CPU
		{BEB6F579-6C49-42FA-8973-1AB098D0D6CD}.Debug|x64.Build.0 = Debug|Any CPU
		{BEB6F579-6C49-42FA-8973-1AB098D0D6CD}.Debug|x86.ActiveCfg = Debug|Any CPU
		{BEB6F579-6C49-42FA-8973-1AB098D0D6CD}.Debug|x86.Build.0 = Debug|Any CPU
		{BEB6F579-6C49-42FA-8973-1AB098D0D6CD}.Release|Any CPU.ActiveCfg = Release|Any CPU
		{BEB6F579-6C49-42FA-8973-1AB098D0D6CD}.Release|Any CPU.Build.0 = Release|Any CPU
		{BEB6F579-6C49-42FA-8973-1AB098D0D6CD}.Release|x64.ActiveCfg = Release|Any CPU
		{BEB6F579-6C49-42FA-8973-1AB098D0D6CD}.Release|x64.Build.0 = Release|Any CPU
		{BEB6F579-6C49-42FA-8973-1AB098D0D6CD}.Release|x86.ActiveCfg = Release|Any CPU
		{BEB6F579-6C49-42FA-8973-1AB098D0D6CD}.Release|x86.Build.0 = Release|Any CPU
		{C85B4087-0604-4A5B-9547-26ED5C3E32E6}.Debug|Any CPU.ActiveCfg = Debug|Any CPU
		{C85B4087-0604-4A5B-9547-26ED5C3E32E6}.Debug|Any CPU.Build.0 = Debug|Any CPU
		{C85B4087-0604-4A5B-9547-26ED5C3E32E6}.Debug|x64.ActiveCfg = Debug|Any CPU
		{C85B4087-0604-4A5B-9547-26ED5C3E32E6}.Debug|x64.Build.0 = Debug|Any CPU
		{C85B4087-0604-4A5B-9547-26ED5C3E32E6}.Debug|x86.ActiveCfg = Debug|Any CPU
		{C85B4087-0604-4A5B-9547-26ED5C3E32E6}.Debug|x86.Build.0 = Debug|Any CPU
		{C85B4087-0604-4A5B-9547-26ED5C3E32E6}.Release|Any CPU.ActiveCfg = Release|Any CPU
		{C85B4087-0604-4A5B-9547-26ED5C3E32E6}.Release|Any CPU.Build.0 = Release|Any CPU
		{C85B4087-0604-4A5B-9547-26ED5C3E32E6}.Release|x64.ActiveCfg = Release|Any CPU
		{C85B4087-0604-4A5B-9547-26ED5C3E32E6}.Release|x64.Build.0 = Release|Any CPU
		{C85B4087-0604-4A5B-9547-26ED5C3E32E6}.Release|x86.ActiveCfg = Release|Any CPU
		{C85B4087-0604-4A5B-9547-26ED5C3E32E6}.Release|x86.Build.0 = Release|Any CPU
		{2BD5F352-13EB-44EA-B842-667EEDF68D05}.Debug|Any CPU.ActiveCfg = Debug|Any CPU
		{2BD5F352-13EB-44EA-B842-667EEDF68D05}.Debug|Any CPU.Build.0 = Debug|Any CPU
		{2BD5F352-13EB-44EA-B842-667EEDF68D05}.Debug|x64.ActiveCfg = Debug|Any CPU
		{2BD5F352-13EB-44EA-B842-667EEDF68D05}.Debug|x64.Build.0 = Debug|Any CPU
		{2BD5F352-13EB-44EA-B842-667EEDF68D05}.Debug|x86.ActiveCfg = Debug|Any CPU
		{2BD5F352-13EB-44EA-B842-667EEDF68D05}.Debug|x86.Build.0 = Debug|Any CPU
		{2BD5F352-13EB-44EA-B842-667EEDF68D05}.Release|Any CPU.ActiveCfg = Release|Any CPU
		{2BD5F352-13EB-44EA-B842-667EEDF68D05}.Release|Any CPU.Build.0 = Release|Any CPU
		{2BD5F352-13EB-44EA-B842-667EEDF68D05}.Release|x64.ActiveCfg = Release|Any CPU
		{2BD5F352-13EB-44EA-B842-667EEDF68D05}.Release|x64.Build.0 = Release|Any CPU
		{2BD5F352-13EB-44EA-B842-667EEDF68D05}.Release|x86.ActiveCfg = Release|Any CPU
		{2BD5F352-13EB-44EA-B842-667EEDF68D05}.Release|x86.Build.0 = Release|Any CPU
	EndGlobalSection
	GlobalSection(SolutionProperties) = preSolution
		HideSolutionNode = FALSE
	EndGlobalSection
	GlobalSection(NestedProjects) = preSolution
		{BEB6F579-6C49-42FA-8973-1AB098D0D6CD} = {3DB28320-74B9-4EE0-A7E7-714B9FF7ED0C}
		{2BD5F352-13EB-44EA-B842-667EEDF68D05} = {3DB28320-74B9-4EE0-A7E7-714B9FF7ED0C}
		{716D02A2-DC3D-48B2-87BA-86E298EA14C6} = {90196606-FD20-4680-8EEF-EF37695CD50A}
		{89480CC0-B15B-433E-8FC4-7D4C40208CF8} = {716D02A2-DC3D-48B2-87BA-86E298EA14C6}
		{BC888581-0EA8-4CF4-A6AC-C670F11DCCA2} = {90196606-FD20-4680-8EEF-EF37695CD50A}
		{67878D41-F30C-416D-9E14-174E4BA729C7} = {BC888581-0EA8-4CF4-A6AC-C670F11DCCA2}
	EndGlobalSection
EndGlobal
